// !$*UTF8*$!
{
	archiveVersion = 1;
	classes = {
	};
	objectVersion = 51;
	objects = {

/* Begin PBXBuildFile section */
		0866B7D927C826BE626FF2BD /* Pods_SnippetBTests.framework in Frameworks */ = {isa = PBXBuildFile; fileRef = FFE0CF6C475319B13F40CDB7 /* Pods_SnippetBTests.framework */; };
		658CE74423CF35FF00AB4787 /* AppDelegate.swift in Sources */ = {isa = PBXBuildFile; fileRef = 658CE74323CF35FF00AB4787 /* AppDelegate.swift */; };
		658CE74823CF35FF00AB4787 /* ViewController.swift in Sources */ = {isa = PBXBuildFile; fileRef = 658CE74723CF35FF00AB4787 /* ViewController.swift */; };
		658CE74B23CF35FF00AB4787 /* Main.storyboard in Resources */ = {isa = PBXBuildFile; fileRef = 658CE74923CF35FF00AB4787 /* Main.storyboard */; };
		658CE74D23CF360200AB4787 /* Assets.xcassets in Resources */ = {isa = PBXBuildFile; fileRef = 658CE74C23CF360200AB4787 /* Assets.xcassets */; };
		658CE75023CF360200AB4787 /* LaunchScreen.storyboard in Resources */ = {isa = PBXBuildFile; fileRef = 658CE74E23CF360200AB4787 /* LaunchScreen.storyboard */; };
		658CE75B23CF360200AB4787 /* SnippetBTests.swift in Sources */ = {isa = PBXBuildFile; fileRef = 658CE75A23CF360200AB4787 /* SnippetBTests.swift */; };
		658CE76623CF360300AB4787 /* SnippetBUITests.swift in Sources */ = {isa = PBXBuildFile; fileRef = 658CE76523CF360300AB4787 /* SnippetBUITests.swift */; };
		6FB3815359F4738F6702175B /* Pods_SnippetB_SnippetBUITests.framework in Frameworks */ = {isa = PBXBuildFile; fileRef = 5835C622E52D7714998CFD59 /* Pods_SnippetB_SnippetBUITests.framework */; };
		FD9F95298DAFC6713F189BED /* Pods_SnippetB.framework in Frameworks */ = {isa = PBXBuildFile; fileRef = 32B00D62A2A4141555E1A16A /* Pods_SnippetB.framework */; };
/* End PBXBuildFile section */

/* Begin PBXContainerItemProxy section */
		658CE75723CF360200AB4787 /* PBXContainerItemProxy */ = {
			isa = PBXContainerItemProxy;
			containerPortal = 658CE73823CF35FF00AB4787 /* Project object */;
			proxyType = 1;
			remoteGlobalIDString = 658CE73F23CF35FF00AB4787;
			remoteInfo = SnippetB;
		};
		658CE76223CF360300AB4787 /* PBXContainerItemProxy */ = {
			isa = PBXContainerItemProxy;
			containerPortal = 658CE73823CF35FF00AB4787 /* Project object */;
			proxyType = 1;
			remoteGlobalIDString = 658CE73F23CF35FF00AB4787;
			remoteInfo = SnippetB;
		};
/* End PBXContainerItemProxy section */

/* Begin PBXFileReference section */
		25701701571607E1AF13E1EF /* Pods-SnippetB.debug.xcconfig */ = {isa = PBXFileReference; includeInIndex = 1; lastKnownFileType = text.xcconfig; name = "Pods-SnippetB.debug.xcconfig"; path = "Target Support Files/Pods-SnippetB/Pods-SnippetB.debug.xcconfig"; sourceTree = "<group>"; };
		32B00D62A2A4141555E1A16A /* Pods_SnippetB.framework */ = {isa = PBXFileReference; explicitFileType = wrapper.framework; includeInIndex = 0; path = Pods_SnippetB.framework; sourceTree = BUILT_PRODUCTS_DIR; };
		5430203EAF1594020304CA0B /* Pods-SnippetBTests.debug.xcconfig */ = {isa = PBXFileReference; includeInIndex = 1; lastKnownFileType = text.xcconfig; name = "Pods-SnippetBTests.debug.xcconfig"; path = "Target Support Files/Pods-SnippetBTests/Pods-SnippetBTests.debug.xcconfig"; sourceTree = "<group>"; };
		5835C622E52D7714998CFD59 /* Pods_SnippetB_SnippetBUITests.framework */ = {isa = PBXFileReference; explicitFileType = wrapper.framework; includeInIndex = 0; path = Pods_SnippetB_SnippetBUITests.framework; sourceTree = BUILT_PRODUCTS_DIR; };
		658CE74023CF35FF00AB4787 /* SnippetB.app */ = {isa = PBXFileReference; explicitFileType = wrapper.application; includeInIndex = 0; path = SnippetB.app; sourceTree = BUILT_PRODUCTS_DIR; };
		658CE74323CF35FF00AB4787 /* AppDelegate.swift */ = {isa = PBXFileReference; lastKnownFileType = sourcecode.swift; path = AppDelegate.swift; sourceTree = "<group>"; };
		658CE74723CF35FF00AB4787 /* ViewController.swift */ = {isa = PBXFileReference; lastKnownFileType = sourcecode.swift; path = ViewController.swift; sourceTree = "<group>"; };
		658CE74A23CF35FF00AB4787 /* Base */ = {isa = PBXFileReference; lastKnownFileType = file.storyboard; name = Base; path = Base.lproj/Main.storyboard; sourceTree = "<group>"; };
		658CE74C23CF360200AB4787 /* Assets.xcassets */ = {isa = PBXFileReference; lastKnownFileType = folder.assetcatalog; path = Assets.xcassets; sourceTree = "<group>"; };
		658CE74F23CF360200AB4787 /* Base */ = {isa = PBXFileReference; lastKnownFileType = file.storyboard; name = Base; path = Base.lproj/LaunchScreen.storyboard; sourceTree = "<group>"; };
		658CE75123CF360200AB4787 /* Info.plist */ = {isa = PBXFileReference; lastKnownFileType = text.plist.xml; path = Info.plist; sourceTree = "<group>"; };
		658CE75623CF360200AB4787 /* SnippetBTests.xctest */ = {isa = PBXFileReference; explicitFileType = wrapper.cfbundle; includeInIndex = 0; path = SnippetBTests.xctest; sourceTree = BUILT_PRODUCTS_DIR; };
		658CE75A23CF360200AB4787 /* SnippetBTests.swift */ = {isa = PBXFileReference; lastKnownFileType = sourcecode.swift; path = SnippetBTests.swift; sourceTree = "<group>"; };
		658CE75C23CF360200AB4787 /* Info.plist */ = {isa = PBXFileReference; lastKnownFileType = text.plist.xml; path = Info.plist; sourceTree = "<group>"; };
		658CE76123CF360200AB4787 /* SnippetBUITests.xctest */ = {isa = PBXFileReference; explicitFileType = wrapper.cfbundle; includeInIndex = 0; path = SnippetBUITests.xctest; sourceTree = BUILT_PRODUCTS_DIR; };
		658CE76523CF360300AB4787 /* SnippetBUITests.swift */ = {isa = PBXFileReference; lastKnownFileType = sourcecode.swift; path = SnippetBUITests.swift; sourceTree = "<group>"; };
		658CE76723CF360300AB4787 /* Info.plist */ = {isa = PBXFileReference; lastKnownFileType = text.plist.xml; path = Info.plist; sourceTree = "<group>"; };
		658CE77323CF42AC00AB4787 /* SnippetB.entitlements */ = {isa = PBXFileReference; lastKnownFileType = text.plist.entitlements; path = SnippetB.entitlements; sourceTree = "<group>"; };
		6DCD68A7F9F5A2F030A61D5D /* Pods-SnippetB.release.xcconfig */ = {isa = PBXFileReference; includeInIndex = 1; lastKnownFileType = text.xcconfig; name = "Pods-SnippetB.release.xcconfig"; path = "Target Support Files/Pods-SnippetB/Pods-SnippetB.release.xcconfig"; sourceTree = "<group>"; };
		963E2BD99A01744C5B5D11AC /* Pods-SnippetB-SnippetBUITests.release.xcconfig */ = {isa = PBXFileReference; includeInIndex = 1; lastKnownFileType = text.xcconfig; name = "Pods-SnippetB-SnippetBUITests.release.xcconfig"; path = "Target Support Files/Pods-SnippetB-SnippetBUITests/Pods-SnippetB-SnippetBUITests.release.xcconfig"; sourceTree = "<group>"; };
		AF52A5E36D549E42D598F1F6 /* Pods-SnippetB-SnippetBUITests.debug.xcconfig */ = {isa = PBXFileReference; includeInIndex = 1; lastKnownFileType = text.xcconfig; name = "Pods-SnippetB-SnippetBUITests.debug.xcconfig"; path = "Target Support Files/Pods-SnippetB-SnippetBUITests/Pods-SnippetB-SnippetBUITests.debug.xcconfig"; sourceTree = "<group>"; };
		BC6DF0EC58D7A4078CEF425C /* Pods-SnippetBTests.release.xcconfig */ = {isa = PBXFileReference; includeInIndex = 1; lastKnownFileType = text.xcconfig; name = "Pods-SnippetBTests.release.xcconfig"; path = "Target Support Files/Pods-SnippetBTests/Pods-SnippetBTests.release.xcconfig"; sourceTree = "<group>"; };
		FFE0CF6C475319B13F40CDB7 /* Pods_SnippetBTests.framework */ = {isa = PBXFileReference; explicitFileType = wrapper.framework; includeInIndex = 0; path = Pods_SnippetBTests.framework; sourceTree = BUILT_PRODUCTS_DIR; };
/* End PBXFileReference section */

/* Begin PBXFrameworksBuildPhase section */
		658CE73D23CF35FF00AB4787 /* Frameworks */ = {
			isa = PBXFrameworksBuildPhase;
			buildActionMask = 2147483647;
			files = (
				FD9F95298DAFC6713F189BED /* Pods_SnippetB.framework in Frameworks */,
			);
			runOnlyForDeploymentPostprocessing = 0;
		};
		658CE75323CF360200AB4787 /* Frameworks */ = {
			isa = PBXFrameworksBuildPhase;
			buildActionMask = 2147483647;
			files = (
				0866B7D927C826BE626FF2BD /* Pods_SnippetBTests.framework in Frameworks */,
			);
			runOnlyForDeploymentPostprocessing = 0;
		};
		658CE75E23CF360200AB4787 /* Frameworks */ = {
			isa = PBXFrameworksBuildPhase;
			buildActionMask = 2147483647;
			files = (
				6FB3815359F4738F6702175B /* Pods_SnippetB_SnippetBUITests.framework in Frameworks */,
			);
			runOnlyForDeploymentPostprocessing = 0;
		};
/* End PBXFrameworksBuildPhase section */

/* Begin PBXGroup section */
		405D89E651D1D09CF6C1F46B /* Pods */ = {
			isa = PBXGroup;
			children = (
				25701701571607E1AF13E1EF /* Pods-SnippetB.debug.xcconfig */,
				6DCD68A7F9F5A2F030A61D5D /* Pods-SnippetB.release.xcconfig */,
				AF52A5E36D549E42D598F1F6 /* Pods-SnippetB-SnippetBUITests.debug.xcconfig */,
				963E2BD99A01744C5B5D11AC /* Pods-SnippetB-SnippetBUITests.release.xcconfig */,
				5430203EAF1594020304CA0B /* Pods-SnippetBTests.debug.xcconfig */,
				BC6DF0EC58D7A4078CEF425C /* Pods-SnippetBTests.release.xcconfig */,
			);
			path = Pods;
			sourceTree = "<group>";
		};
		658CE73723CF35FF00AB4787 = {
			isa = PBXGroup;
			children = (
				658CE74223CF35FF00AB4787 /* SnippetB */,
				658CE75923CF360200AB4787 /* SnippetBTests */,
				658CE76423CF360300AB4787 /* SnippetBUITests */,
				658CE74123CF35FF00AB4787 /* Products */,
				405D89E651D1D09CF6C1F46B /* Pods */,
				E544871206138AF7CF333627 /* Frameworks */,
			);
			sourceTree = "<group>";
		};
		658CE74123CF35FF00AB4787 /* Products */ = {
			isa = PBXGroup;
			children = (
				658CE74023CF35FF00AB4787 /* SnippetB.app */,
				658CE75623CF360200AB4787 /* SnippetBTests.xctest */,
				658CE76123CF360200AB4787 /* SnippetBUITests.xctest */,
			);
			name = Products;
			sourceTree = "<group>";
		};
		658CE74223CF35FF00AB4787 /* SnippetB */ = {
			isa = PBXGroup;
			children = (
				658CE77323CF42AC00AB4787 /* SnippetB.entitlements */,
				658CE74323CF35FF00AB4787 /* AppDelegate.swift */,
				658CE74723CF35FF00AB4787 /* ViewController.swift */,
				658CE74923CF35FF00AB4787 /* Main.storyboard */,
				658CE74C23CF360200AB4787 /* Assets.xcassets */,
				658CE74E23CF360200AB4787 /* LaunchScreen.storyboard */,
				658CE75123CF360200AB4787 /* Info.plist */,
			);
			path = SnippetB;
			sourceTree = "<group>";
		};
		658CE75923CF360200AB4787 /* SnippetBTests */ = {
			isa = PBXGroup;
			children = (
				658CE75A23CF360200AB4787 /* SnippetBTests.swift */,
				658CE75C23CF360200AB4787 /* Info.plist */,
			);
			path = SnippetBTests;
			sourceTree = "<group>";
		};
		658CE76423CF360300AB4787 /* SnippetBUITests */ = {
			isa = PBXGroup;
			children = (
				658CE76523CF360300AB4787 /* SnippetBUITests.swift */,
				658CE76723CF360300AB4787 /* Info.plist */,
			);
			path = SnippetBUITests;
			sourceTree = "<group>";
		};
		E544871206138AF7CF333627 /* Frameworks */ = {
			isa = PBXGroup;
			children = (
				32B00D62A2A4141555E1A16A /* Pods_SnippetB.framework */,
				5835C622E52D7714998CFD59 /* Pods_SnippetB_SnippetBUITests.framework */,
				FFE0CF6C475319B13F40CDB7 /* Pods_SnippetBTests.framework */,
			);
			name = Frameworks;
			sourceTree = "<group>";
		};
/* End PBXGroup section */

/* Begin PBXNativeTarget section */
		658CE73F23CF35FF00AB4787 /* SnippetB */ = {
			isa = PBXNativeTarget;
			buildConfigurationList = 658CE76A23CF360300AB4787 /* Build configuration list for PBXNativeTarget "SnippetB" */;
			buildPhases = (
				84B12CC128DBD20B7FC18FA1 /* [CP] Check Pods Manifest.lock */,
				658CE73C23CF35FF00AB4787 /* Sources */,
				658CE73D23CF35FF00AB4787 /* Frameworks */,
				658CE73E23CF35FF00AB4787 /* Resources */,
				463FADF396AF16179F6FBC37 /* [CP] Embed Pods Frameworks */,
			);
			buildRules = (
			);
			dependencies = (
			);
			name = SnippetB;
			productName = SnippetB;
			productReference = 658CE74023CF35FF00AB4787 /* SnippetB.app */;
			productType = "com.apple.product-type.application";
		};
		658CE75523CF360200AB4787 /* SnippetBTests */ = {
			isa = PBXNativeTarget;
			buildConfigurationList = 658CE76D23CF360300AB4787 /* Build configuration list for PBXNativeTarget "SnippetBTests" */;
			buildPhases = (
				404DD4948E200B902B65E9BC /* [CP] Check Pods Manifest.lock */,
				658CE75223CF360200AB4787 /* Sources */,
				658CE75323CF360200AB4787 /* Frameworks */,
				658CE75423CF360200AB4787 /* Resources */,
			);
			buildRules = (
			);
			dependencies = (
				658CE75823CF360200AB4787 /* PBXTargetDependency */,
			);
			name = SnippetBTests;
			productName = SnippetBTests;
			productReference = 658CE75623CF360200AB4787 /* SnippetBTests.xctest */;
			productType = "com.apple.product-type.bundle.unit-test";
		};
		658CE76023CF360200AB4787 /* SnippetBUITests */ = {
			isa = PBXNativeTarget;
			buildConfigurationList = 658CE77023CF360300AB4787 /* Build configuration list for PBXNativeTarget "SnippetBUITests" */;
			buildPhases = (
				40C6B741CBD4471F37AEBDFA /* [CP] Check Pods Manifest.lock */,
				658CE75D23CF360200AB4787 /* Sources */,
				658CE75E23CF360200AB4787 /* Frameworks */,
				658CE75F23CF360200AB4787 /* Resources */,
				60D42D88005B0BBEAE590884 /* [CP] Embed Pods Frameworks */,
			);
			buildRules = (
			);
			dependencies = (
				658CE76323CF360300AB4787 /* PBXTargetDependency */,
			);
			name = SnippetBUITests;
			productName = SnippetBUITests;
			productReference = 658CE76123CF360200AB4787 /* SnippetBUITests.xctest */;
			productType = "com.apple.product-type.bundle.ui-testing";
		};
/* End PBXNativeTarget section */

/* Begin PBXProject section */
		658CE73823CF35FF00AB4787 /* Project object */ = {
			isa = PBXProject;
			attributes = {
				LastSwiftUpdateCheck = 1130;
				LastUpgradeCheck = 1130;
				ORGANIZATIONNAME = "Daniel Wohlmuth";
				TargetAttributes = {
					658CE73F23CF35FF00AB4787 = {
						CreatedOnToolsVersion = 11.3;
					};
					658CE75523CF360200AB4787 = {
						CreatedOnToolsVersion = 11.3;
						TestTargetID = 658CE73F23CF35FF00AB4787;
					};
					658CE76023CF360200AB4787 = {
						CreatedOnToolsVersion = 11.3;
						TestTargetID = 658CE73F23CF35FF00AB4787;
					};
				};
			};
			buildConfigurationList = 658CE73B23CF35FF00AB4787 /* Build configuration list for PBXProject "SnippetB" */;
			compatibilityVersion = "Xcode 9.3";
			developmentRegion = en;
			hasScannedForEncodings = 0;
			knownRegions = (
				en,
				Base,
			);
			mainGroup = 658CE73723CF35FF00AB4787;
			productRefGroup = 658CE74123CF35FF00AB4787 /* Products */;
			projectDirPath = "";
			projectRoot = "";
			targets = (
				658CE73F23CF35FF00AB4787 /* SnippetB */,
				658CE75523CF360200AB4787 /* SnippetBTests */,
				658CE76023CF360200AB4787 /* SnippetBUITests */,
			);
		};
/* End PBXProject section */

/* Begin PBXResourcesBuildPhase section */
		658CE73E23CF35FF00AB4787 /* Resources */ = {
			isa = PBXResourcesBuildPhase;
			buildActionMask = 2147483647;
			files = (
				658CE75023CF360200AB4787 /* LaunchScreen.storyboard in Resources */,
				658CE74D23CF360200AB4787 /* Assets.xcassets in Resources */,
				658CE74B23CF35FF00AB4787 /* Main.storyboard in Resources */,
			);
			runOnlyForDeploymentPostprocessing = 0;
		};
		658CE75423CF360200AB4787 /* Resources */ = {
			isa = PBXResourcesBuildPhase;
			buildActionMask = 2147483647;
			files = (
			);
			runOnlyForDeploymentPostprocessing = 0;
		};
		658CE75F23CF360200AB4787 /* Resources */ = {
			isa = PBXResourcesBuildPhase;
			buildActionMask = 2147483647;
			files = (
			);
			runOnlyForDeploymentPostprocessing = 0;
		};
/* End PBXResourcesBuildPhase section */

/* Begin PBXShellScriptBuildPhase section */
		404DD4948E200B902B65E9BC /* [CP] Check Pods Manifest.lock */ = {
			isa = PBXShellScriptBuildPhase;
			buildActionMask = 2147483647;
			files = (
			);
			inputFileListPaths = (
			);
			inputPaths = (
				"${PODS_PODFILE_DIR_PATH}/Podfile.lock",
				"${PODS_ROOT}/Manifest.lock",
			);
			name = "[CP] Check Pods Manifest.lock";
			outputFileListPaths = (
			);
			outputPaths = (
				"$(DERIVED_FILE_DIR)/Pods-SnippetBTests-checkManifestLockResult.txt",
			);
			runOnlyForDeploymentPostprocessing = 0;
			shellPath = /bin/sh;
			shellScript = "diff \"${PODS_PODFILE_DIR_PATH}/Podfile.lock\" \"${PODS_ROOT}/Manifest.lock\" > /dev/null\nif [ $? != 0 ] ; then\n    # print error to STDERR\n    echo \"error: The sandbox is not in sync with the Podfile.lock. Run 'pod install' or update your CocoaPods installation.\" >&2\n    exit 1\nfi\n# This output is used by Xcode 'outputs' to avoid re-running this script phase.\necho \"SUCCESS\" > \"${SCRIPT_OUTPUT_FILE_0}\"\n";
			showEnvVarsInLog = 0;
		};
		40C6B741CBD4471F37AEBDFA /* [CP] Check Pods Manifest.lock */ = {
			isa = PBXShellScriptBuildPhase;
			buildActionMask = 2147483647;
			files = (
			);
			inputFileListPaths = (
			);
			inputPaths = (
				"${PODS_PODFILE_DIR_PATH}/Podfile.lock",
				"${PODS_ROOT}/Manifest.lock",
			);
			name = "[CP] Check Pods Manifest.lock";
			outputFileListPaths = (
			);
			outputPaths = (
				"$(DERIVED_FILE_DIR)/Pods-SnippetB-SnippetBUITests-checkManifestLockResult.txt",
			);
			runOnlyForDeploymentPostprocessing = 0;
			shellPath = /bin/sh;
			shellScript = "diff \"${PODS_PODFILE_DIR_PATH}/Podfile.lock\" \"${PODS_ROOT}/Manifest.lock\" > /dev/null\nif [ $? != 0 ] ; then\n    # print error to STDERR\n    echo \"error: The sandbox is not in sync with the Podfile.lock. Run 'pod install' or update your CocoaPods installation.\" >&2\n    exit 1\nfi\n# This output is used by Xcode 'outputs' to avoid re-running this script phase.\necho \"SUCCESS\" > \"${SCRIPT_OUTPUT_FILE_0}\"\n";
			showEnvVarsInLog = 0;
		};
		463FADF396AF16179F6FBC37 /* [CP] Embed Pods Frameworks */ = {
			isa = PBXShellScriptBuildPhase;
			buildActionMask = 2147483647;
			files = (
			);
			inputFileListPaths = (
				"${PODS_ROOT}/Target Support Files/Pods-SnippetB/Pods-SnippetB-frameworks-${CONFIGURATION}-input-files.xcfilelist",
			);
			name = "[CP] Embed Pods Frameworks";
			outputFileListPaths = (
				"${PODS_ROOT}/Target Support Files/Pods-SnippetB/Pods-SnippetB-frameworks-${CONFIGURATION}-output-files.xcfilelist",
			);
			runOnlyForDeploymentPostprocessing = 0;
			shellPath = /bin/sh;
			shellScript = "\"${PODS_ROOT}/Target Support Files/Pods-SnippetB/Pods-SnippetB-frameworks.sh\"\n";
			showEnvVarsInLog = 0;
		};
		60D42D88005B0BBEAE590884 /* [CP] Embed Pods Frameworks */ = {
			isa = PBXShellScriptBuildPhase;
			buildActionMask = 2147483647;
			files = (
			);
			inputFileListPaths = (
				"${PODS_ROOT}/Target Support Files/Pods-SnippetB-SnippetBUITests/Pods-SnippetB-SnippetBUITests-frameworks-${CONFIGURATION}-input-files.xcfilelist",
			);
			name = "[CP] Embed Pods Frameworks";
			outputFileListPaths = (
				"${PODS_ROOT}/Target Support Files/Pods-SnippetB-SnippetBUITests/Pods-SnippetB-SnippetBUITests-frameworks-${CONFIGURATION}-output-files.xcfilelist",
			);
			runOnlyForDeploymentPostprocessing = 0;
			shellPath = /bin/sh;
			shellScript = "\"${PODS_ROOT}/Target Support Files/Pods-SnippetB-SnippetBUITests/Pods-SnippetB-SnippetBUITests-frameworks.sh\"\n";
			showEnvVarsInLog = 0;
		};
		84B12CC128DBD20B7FC18FA1 /* [CP] Check Pods Manifest.lock */ = {
			isa = PBXShellScriptBuildPhase;
			buildActionMask = 2147483647;
			files = (
			);
			inputFileListPaths = (
			);
			inputPaths = (
				"${PODS_PODFILE_DIR_PATH}/Podfile.lock",
				"${PODS_ROOT}/Manifest.lock",
			);
			name = "[CP] Check Pods Manifest.lock";
			outputFileListPaths = (
			);
			outputPaths = (
				"$(DERIVED_FILE_DIR)/Pods-SnippetB-checkManifestLockResult.txt",
			);
			runOnlyForDeploymentPostprocessing = 0;
			shellPath = /bin/sh;
			shellScript = "diff \"${PODS_PODFILE_DIR_PATH}/Podfile.lock\" \"${PODS_ROOT}/Manifest.lock\" > /dev/null\nif [ $? != 0 ] ; then\n    # print error to STDERR\n    echo \"error: The sandbox is not in sync with the Podfile.lock. Run 'pod install' or update your CocoaPods installation.\" >&2\n    exit 1\nfi\n# This output is used by Xcode 'outputs' to avoid re-running this script phase.\necho \"SUCCESS\" > \"${SCRIPT_OUTPUT_FILE_0}\"\n";
			showEnvVarsInLog = 0;
		};
/* End PBXShellScriptBuildPhase section */

/* Begin PBXSourcesBuildPhase section */
		658CE73C23CF35FF00AB4787 /* Sources */ = {
			isa = PBXSourcesBuildPhase;
			buildActionMask = 2147483647;
			files = (
				658CE74823CF35FF00AB4787 /* ViewController.swift in Sources */,
				658CE74423CF35FF00AB4787 /* AppDelegate.swift in Sources */,
			);
			runOnlyForDeploymentPostprocessing = 0;
		};
		658CE75223CF360200AB4787 /* Sources */ = {
			isa = PBXSourcesBuildPhase;
			buildActionMask = 2147483647;
			files = (
				658CE75B23CF360200AB4787 /* SnippetBTests.swift in Sources */,
			);
			runOnlyForDeploymentPostprocessing = 0;
		};
		658CE75D23CF360200AB4787 /* Sources */ = {
			isa = PBXSourcesBuildPhase;
			buildActionMask = 2147483647;
			files = (
				658CE76623CF360300AB4787 /* SnippetBUITests.swift in Sources */,
			);
			runOnlyForDeploymentPostprocessing = 0;
		};
/* End PBXSourcesBuildPhase section */

/* Begin PBXTargetDependency section */
		658CE75823CF360200AB4787 /* PBXTargetDependency */ = {
			isa = PBXTargetDependency;
			target = 658CE73F23CF35FF00AB4787 /* SnippetB */;
			targetProxy = 658CE75723CF360200AB4787 /* PBXContainerItemProxy */;
		};
		658CE76323CF360300AB4787 /* PBXTargetDependency */ = {
			isa = PBXTargetDependency;
			target = 658CE73F23CF35FF00AB4787 /* SnippetB */;
			targetProxy = 658CE76223CF360300AB4787 /* PBXContainerItemProxy */;
		};
/* End PBXTargetDependency section */

/* Begin PBXVariantGroup section */
		658CE74923CF35FF00AB4787 /* Main.storyboard */ = {
			isa = PBXVariantGroup;
			children = (
				658CE74A23CF35FF00AB4787 /* Base */,
			);
			name = Main.storyboard;
			sourceTree = "<group>";
		};
		658CE74E23CF360200AB4787 /* LaunchScreen.storyboard */ = {
			isa = PBXVariantGroup;
			children = (
				658CE74F23CF360200AB4787 /* Base */,
			);
			name = LaunchScreen.storyboard;
			sourceTree = "<group>";
		};
/* End PBXVariantGroup section */

/* Begin XCBuildConfiguration section */
		658CE76823CF360300AB4787 /* Debug */ = {
			isa = XCBuildConfiguration;
			buildSettings = {
				ALWAYS_SEARCH_USER_PATHS = NO;
				CLANG_ANALYZER_NONNULL = YES;
				CLANG_ANALYZER_NUMBER_OBJECT_CONVERSION = YES_AGGRESSIVE;
				CLANG_CXX_LANGUAGE_STANDARD = "gnu++14";
				CLANG_CXX_LIBRARY = "libc++";
				CLANG_ENABLE_MODULES = YES;
				CLANG_ENABLE_OBJC_ARC = YES;
				CLANG_ENABLE_OBJC_WEAK = YES;
				CLANG_WARN_BLOCK_CAPTURE_AUTORELEASING = YES;
				CLANG_WARN_BOOL_CONVERSION = YES;
				CLANG_WARN_COMMA = YES;
				CLANG_WARN_CONSTANT_CONVERSION = YES;
				CLANG_WARN_DEPRECATED_OBJC_IMPLEMENTATIONS = YES;
				CLANG_WARN_DIRECT_OBJC_ISA_USAGE = YES_ERROR;
				CLANG_WARN_DOCUMENTATION_COMMENTS = YES;
				CLANG_WARN_EMPTY_BODY = YES;
				CLANG_WARN_ENUM_CONVERSION = YES;
				CLANG_WARN_INFINITE_RECURSION = YES;
				CLANG_WARN_INT_CONVERSION = YES;
				CLANG_WARN_NON_LITERAL_NULL_CONVERSION = YES;
				CLANG_WARN_OBJC_IMPLICIT_RETAIN_SELF = YES;
				CLANG_WARN_OBJC_LITERAL_CONVERSION = YES;
				CLANG_WARN_OBJC_ROOT_CLASS = YES_ERROR;
				CLANG_WARN_RANGE_LOOP_ANALYSIS = YES;
				CLANG_WARN_STRICT_PROTOTYPES = YES;
				CLANG_WARN_SUSPICIOUS_MOVE = YES;
				CLANG_WARN_UNGUARDED_AVAILABILITY = YES_AGGRESSIVE;
				CLANG_WARN_UNREACHABLE_CODE = YES;
				CLANG_WARN__DUPLICATE_METHOD_MATCH = YES;
				COPY_PHASE_STRIP = NO;
				DEBUG_INFORMATION_FORMAT = dwarf;
				ENABLE_STRICT_OBJC_MSGSEND = YES;
				ENABLE_TESTABILITY = YES;
				GCC_C_LANGUAGE_STANDARD = gnu11;
				GCC_DYNAMIC_NO_PIC = NO;
				GCC_NO_COMMON_BLOCKS = YES;
				GCC_OPTIMIZATION_LEVEL = 0;
				GCC_PREPROCESSOR_DEFINITIONS = (
					"DEBUG=1",
					"$(inherited)",
				);
				GCC_WARN_64_TO_32_BIT_CONVERSION = YES;
				GCC_WARN_ABOUT_RETURN_TYPE = YES_ERROR;
				GCC_WARN_UNDECLARED_SELECTOR = YES;
				GCC_WARN_UNINITIALIZED_AUTOS = YES_AGGRESSIVE;
				GCC_WARN_UNUSED_FUNCTION = YES;
				GCC_WARN_UNUSED_VARIABLE = YES;
				IPHONEOS_DEPLOYMENT_TARGET = 13.2;
				MTL_ENABLE_DEBUG_INFO = INCLUDE_SOURCE;
				MTL_FAST_MATH = YES;
				ONLY_ACTIVE_ARCH = YES;
				SDKROOT = iphoneos;
				SWIFT_ACTIVE_COMPILATION_CONDITIONS = DEBUG;
				SWIFT_OPTIMIZATION_LEVEL = "-Onone";
			};
			name = Debug;
		};
		658CE76923CF360300AB4787 /* Release */ = {
			isa = XCBuildConfiguration;
			buildSettings = {
				ALWAYS_SEARCH_USER_PATHS = NO;
				CLANG_ANALYZER_NONNULL = YES;
				CLANG_ANALYZER_NUMBER_OBJECT_CONVERSION = YES_AGGRESSIVE;
				CLANG_CXX_LANGUAGE_STANDARD = "gnu++14";
				CLANG_CXX_LIBRARY = "libc++";
				CLANG_ENABLE_MODULES = YES;
				CLANG_ENABLE_OBJC_ARC = YES;
				CLANG_ENABLE_OBJC_WEAK = YES;
				CLANG_WARN_BLOCK_CAPTURE_AUTORELEASING = YES;
				CLANG_WARN_BOOL_CONVERSION = YES;
				CLANG_WARN_COMMA = YES;
				CLANG_WARN_CONSTANT_CONVERSION = YES;
				CLANG_WARN_DEPRECATED_OBJC_IMPLEMENTATIONS = YES;
				CLANG_WARN_DIRECT_OBJC_ISA_USAGE = YES_ERROR;
				CLANG_WARN_DOCUMENTATION_COMMENTS = YES;
				CLANG_WARN_EMPTY_BODY = YES;
				CLANG_WARN_ENUM_CONVERSION = YES;
				CLANG_WARN_INFINITE_RECURSION = YES;
				CLANG_WARN_INT_CONVERSION = YES;
				CLANG_WARN_NON_LITERAL_NULL_CONVERSION = YES;
				CLANG_WARN_OBJC_IMPLICIT_RETAIN_SELF = YES;
				CLANG_WARN_OBJC_LITERAL_CONVERSION = YES;
				CLANG_WARN_OBJC_ROOT_CLASS = YES_ERROR;
				CLANG_WARN_RANGE_LOOP_ANALYSIS = YES;
				CLANG_WARN_STRICT_PROTOTYPES = YES;
				CLANG_WARN_SUSPICIOUS_MOVE = YES;
				CLANG_WARN_UNGUARDED_AVAILABILITY = YES_AGGRESSIVE;
				CLANG_WARN_UNREACHABLE_CODE = YES;
				CLANG_WARN__DUPLICATE_METHOD_MATCH = YES;
				COPY_PHASE_STRIP = NO;
				DEBUG_INFORMATION_FORMAT = "dwarf-with-dsym";
				ENABLE_NS_ASSERTIONS = NO;
				ENABLE_STRICT_OBJC_MSGSEND = YES;
				GCC_C_LANGUAGE_STANDARD = gnu11;
				GCC_NO_COMMON_BLOCKS = YES;
				GCC_WARN_64_TO_32_BIT_CONVERSION = YES;
				GCC_WARN_ABOUT_RETURN_TYPE = YES_ERROR;
				GCC_WARN_UNDECLARED_SELECTOR = YES;
				GCC_WARN_UNINITIALIZED_AUTOS = YES_AGGRESSIVE;
				GCC_WARN_UNUSED_FUNCTION = YES;
				GCC_WARN_UNUSED_VARIABLE = YES;
				IPHONEOS_DEPLOYMENT_TARGET = 13.2;
				MTL_ENABLE_DEBUG_INFO = NO;
				MTL_FAST_MATH = YES;
				SDKROOT = iphoneos;
				SWIFT_COMPILATION_MODE = wholemodule;
				SWIFT_OPTIMIZATION_LEVEL = "-O";
				VALIDATE_PRODUCT = YES;
			};
			name = Release;
		};
		658CE76B23CF360300AB4787 /* Debug */ = {
			isa = XCBuildConfiguration;
			baseConfigurationReference = 25701701571607E1AF13E1EF /* Pods-SnippetB.debug.xcconfig */;
			buildSettings = {
				ASSETCATALOG_COMPILER_APPICON_NAME = AppIcon;
				CODE_SIGN_ENTITLEMENTS = SnippetB/SnippetB.entitlements;
				CODE_SIGN_STYLE = Automatic;
				DEVELOPMENT_TEAM = JB5E4734DJ;
				INFOPLIST_FILE = SnippetB/Info.plist;
				IPHONEOS_DEPLOYMENT_TARGET = 12.0;
				LD_RUNPATH_SEARCH_PATHS = (
					"$(inherited)",
					"@executable_path/Frameworks",
				);
				PRODUCT_BUNDLE_IDENTIFIER = com.wohlmuth.snippet.b.SnippetB;
				PRODUCT_NAME = "$(TARGET_NAME)";
				SWIFT_VERSION = 5.0;
				TARGETED_DEVICE_FAMILY = "1,2";
			};
			name = Debug;
		};
		658CE76C23CF360300AB4787 /* Release */ = {
			isa = XCBuildConfiguration;
			baseConfigurationReference = 6DCD68A7F9F5A2F030A61D5D /* Pods-SnippetB.release.xcconfig */;
			buildSettings = {
				ASSETCATALOG_COMPILER_APPICON_NAME = AppIcon;
				CODE_SIGN_ENTITLEMENTS = SnippetB/SnippetB.entitlements;
				CODE_SIGN_STYLE = Automatic;
				DEVELOPMENT_TEAM = JB5E4734DJ;
				INFOPLIST_FILE = SnippetB/Info.plist;
				IPHONEOS_DEPLOYMENT_TARGET = 12.0;
				LD_RUNPATH_SEARCH_PATHS = (
					"$(inherited)",
					"@executable_path/Frameworks",
				);
				PRODUCT_BUNDLE_IDENTIFIER = com.wohlmuth.snippet.b.SnippetB;
				PRODUCT_NAME = "$(TARGET_NAME)";
				SWIFT_VERSION = 5.0;
				TARGETED_DEVICE_FAMILY = "1,2";
			};
			name = Release;
		};
		658CE76E23CF360300AB4787 /* Debug */ = {
			isa = XCBuildConfiguration;
			baseConfigurationReference = 5430203EAF1594020304CA0B /* Pods-SnippetBTests.debug.xcconfig */;
			buildSettings = {
				ALWAYS_EMBED_SWIFT_STANDARD_LIBRARIES = YES;
				BUNDLE_LOADER = "$(TEST_HOST)";
				CODE_SIGN_STYLE = Automatic;
				DEVELOPMENT_TEAM = JB5E4734DJ;
				INFOPLIST_FILE = SnippetBTests/Info.plist;
				IPHONEOS_DEPLOYMENT_TARGET = 13.2;
				LD_RUNPATH_SEARCH_PATHS = (
					"$(inherited)",
					"@executable_path/Frameworks",
					"@loader_path/Frameworks",
				);
				PRODUCT_BUNDLE_IDENTIFIER = com.wohlmuth.snippet.b.SnippetBTests;
				PRODUCT_NAME = "$(TARGET_NAME)";
				SWIFT_VERSION = 5.0;
				TARGETED_DEVICE_FAMILY = "1,2";
				TEST_HOST = "$(BUILT_PRODUCTS_DIR)/SnippetB.app/SnippetB";
			};
			name = Debug;
		};
		658CE76F23CF360300AB4787 /* Release */ = {
			isa = XCBuildConfiguration;
			baseConfigurationReference = BC6DF0EC58D7A4078CEF425C /* Pods-SnippetBTests.release.xcconfig */;
			buildSettings = {
				ALWAYS_EMBED_SWIFT_STANDARD_LIBRARIES = YES;
				BUNDLE_LOADER = "$(TEST_HOST)";
				CODE_SIGN_STYLE = Automatic;
				DEVELOPMENT_TEAM = JB5E4734DJ;
				INFOPLIST_FILE = SnippetBTests/Info.plist;
				IPHONEOS_DEPLOYMENT_TARGET = 13.2;
				LD_RUNPATH_SEARCH_PATHS = (
					"$(inherited)",
					"@executable_path/Frameworks",
					"@loader_path/Frameworks",
				);
				PRODUCT_BUNDLE_IDENTIFIER = com.wohlmuth.snippet.b.SnippetBTests;
				PRODUCT_NAME = "$(TARGET_NAME)";
				SWIFT_VERSION = 5.0;
				TARGETED_DEVICE_FAMILY = "1,2";
				TEST_HOST = "$(BUILT_PRODUCTS_DIR)/SnippetB.app/SnippetB";
			};
			name = Release;
		};
		658CE77123CF360300AB4787 /* Debug */ = {
			isa = XCBuildConfiguration;
			baseConfigurationReference = AF52A5E36D549E42D598F1F6 /* Pods-SnippetB-SnippetBUITests.debug.xcconfig */;
			buildSettings = {
				ALWAYS_EMBED_SWIFT_STANDARD_LIBRARIES = YES;
				CODE_SIGN_STYLE = Automatic;
				DEVELOPMENT_TEAM = JB5E4734DJ;
				INFOPLIST_FILE = SnippetBUITests/Info.plist;
				LD_RUNPATH_SEARCH_PATHS = (
					"$(inherited)",
					"@executable_path/Frameworks",
					"@loader_path/Frameworks",
				);
				PRODUCT_BUNDLE_IDENTIFIER = com.wohlmuth.snippet.b.SnippetBUITests;
				PRODUCT_NAME = "$(TARGET_NAME)";
				SWIFT_VERSION = 5.0;
				TARGETED_DEVICE_FAMILY = "1,2";
				TEST_TARGET_NAME = SnippetB;
			};
			name = Debug;
		};
		658CE77223CF360300AB4787 /* Release */ = {
			isa = XCBuildConfiguration;
			baseConfigurationReference = 963E2BD99A01744C5B5D11AC /* Pods-SnippetB-SnippetBUITests.release.xcconfig */;
			buildSettings = {
				ALWAYS_EMBED_SWIFT_STANDARD_LIBRARIES = YES;
				CODE_SIGN_STYLE = Automatic;
				DEVELOPMENT_TEAM = JB5E4734DJ;
				INFOPLIST_FILE = SnippetBUITests/Info.plist;
				LD_RUNPATH_SEARCH_PATHS = (
					"$(inherited)",
					"@executable_path/Frameworks",
					"@loader_path/Frameworks",
				);
				PRODUCT_BUNDLE_IDENTIFIER = com.wohlmuth.snippet.b.SnippetBUITests;
				PRODUCT_NAME = "$(TARGET_NAME)";
				SWIFT_VERSION = 5.0;
				TARGETED_DEVICE_FAMILY = "1,2";
				TEST_TARGET_NAME = SnippetB;
			};
			name = Release;
		};
/* End XCBuildConfiguration section */

/* Begin XCConfigurationList section */
		658CE73B23CF35FF00AB4787 /* Build configuration list for PBXProject "SnippetB" */ = {
			isa = XCConfigurationList;
			buildConfigurations = (
				658CE76823CF360300AB4787 /* Debug */,
				658CE76923CF360300AB4787 /* Release */,
			);
			defaultConfigurationIsVisible = 0;
			defaultConfigurationName = Release;
		};
		658CE76A23CF360300AB4787 /* Build configuration list for PBXNativeTarget "SnippetB" */ = {
			isa = XCConfigurationList;
			buildConfigurations = (
				658CE76B23CF360300AB4787 /* Debug */,
				658CE76C23CF360300AB4787 /* Release */,
			);
			defaultConfigurationIsVisible = 0;
			defaultConfigurationName = Release;
		};
		658CE76D23CF360300AB4787 /* Build configuration list for PBXNativeTarget "SnippetBTests" */ = {
			isa = XCConfigurationList;
			buildConfigurations = (
				658CE76E23CF360300AB4787 /* Debug */,
				658CE76F23CF360300AB4787 /* Release */,
			);
			defaultConfigurationIsVisible = 0;
			defaultConfigurationName = Release;
		};
		658CE77023CF360300AB4787 /* Build configuration list for PBXNativeTarget "SnippetBUITests" */ = {
			isa = XCConfigurationList;
			buildConfigurations = (
				658CE77123CF360300AB4787 /* Debug */,
				658CE77223CF360300AB4787 /* Release */,
			);
			defaultConfigurationIsVisible = 0;
			defaultConfigurationName = Release;
		};
/* End XCConfigurationList section */
	};
	rootObject = 658CE73823CF35FF00AB4787 /* Project object */;
}
